
Microsoft Visual Studio Solution File, Format Version 12.00
# Visual Studio Version 16
VisualStudioVersion = 16.0.28315.86
MinimumVisualStudioVersion = 10.0.40219.1
Project("{FAE04EC0-301F-11D3-BF4B-00C04F79EFBC}") = "Server", "Server\Server.csproj", "{5207E8D8-430B-4368-9835-78790AEE891E}"
EndProject
Global
	GlobalSection(SolutionConfigurationPlatforms) = preSolution
		Debug|Any CPU = Debug|Any CPU
		Release|Any CPU = Release|Any CPU
	EndGlobalSection
	GlobalSection(ProjectConfigurationPlatforms) = postSolution
		{5207E8D8-430B-4368-9835-78790AEE891E}.Debug|Any CPU.ActiveCfg = Debug|Any CPU
		{5207E8D8-430B-4368-9835-78790AEE891E}.Debug|Any CPU.Build.0 = Debug|Any CPU
		{5207E8D8-430B-4368-9835-78790AEE891E}.Release|Any CPU.ActiveCfg = Release|Any CPU
		{5207E8D8-430B-4368-9835-78790AEE891E}.Release|Any CPU.Build.0 = Release|Any CPU
	EndGlobalSection
	GlobalSection(SolutionProperties) = preSolution
		HideSolutionNode = FALSE
	EndGlobalSection
	GlobalSection(ExtensibilityGlobals) = postSolution
		SolutionGuid = {3BCD6B6C-9047-4A1D-8A75-AE6B97AFBCE6}
	EndGlobalSection
EndGlobal
